// !$*UTF8*$!
{
	archiveVersion = 1;
	classes = {
	};
	objectVersion = 50;
	objects = {

/* Begin PBXBuildFile section */
		0F533BEF237C45ED0060F79E /* AppDelegate.swift in Sources */ = {isa = PBXBuildFile; fileRef = 0F533BEE237C45ED0060F79E /* AppDelegate.swift */; };
		0F533BF1237C45ED0060F79E /* SceneDelegate.swift in Sources */ = {isa = PBXBuildFile; fileRef = 0F533BF0237C45ED0060F79E /* SceneDelegate.swift */; };
		0F533BF6237C45ED0060F79E /* Main.storyboard in Resources */ = {isa = PBXBuildFile; fileRef = 0F533BF4237C45ED0060F79E /* Main.storyboard */; };
		0F533BF8237C45EF0060F79E /* Assets.xcassets in Resources */ = {isa = PBXBuildFile; fileRef = 0F533BF7237C45EF0060F79E /* Assets.xcassets */; };
		0F533BFB237C45EF0060F79E /* LaunchScreen.storyboard in Resources */ = {isa = PBXBuildFile; fileRef = 0F533BF9237C45EF0060F79E /* LaunchScreen.storyboard */; };
		0F533C04237C46520060F79E /* CharacterListViewController.swift in Sources */ = {isa = PBXBuildFile; fileRef = 0F533C03237C46520060F79E /* CharacterListViewController.swift */; };
		0F533C06237C46630060F79E /* CharacterListPresenter.swift in Sources */ = {isa = PBXBuildFile; fileRef = 0F533C05237C46630060F79E /* CharacterListPresenter.swift */; };
		0F533C08237C466E0060F79E /* CharacterListInteractor.swift in Sources */ = {isa = PBXBuildFile; fileRef = 0F533C07237C466E0060F79E /* CharacterListInteractor.swift */; };
		0F533C0A237C467A0060F79E /* CharacterListConfigurator.swift in Sources */ = {isa = PBXBuildFile; fileRef = 0F533C09237C467A0060F79E /* CharacterListConfigurator.swift */; };
		0F533C0C237C46C70060F79E /* CharacterModel.swift in Sources */ = {isa = PBXBuildFile; fileRef = 0F533C0B237C46C70060F79E /* CharacterModel.swift */; };
		0F533C0F237C47D80060F79E /* NetworkService.swift in Sources */ = {isa = PBXBuildFile; fileRef = 0F533C0E237C47D80060F79E /* NetworkService.swift */; };
		0F533C12237C4FBC0060F79E /* CharacterListTableViewCell.swift in Sources */ = {isa = PBXBuildFile; fileRef = 0F533C11237C4FBC0060F79E /* CharacterListTableViewCell.swift */; };
		0F533C15237C54860060F79E /* CharacterListDetailsViewController.swift in Sources */ = {isa = PBXBuildFile; fileRef = 0F533C14237C54860060F79E /* CharacterListDetailsViewController.swift */; };
		0F533C17237C54A10060F79E /* CharacterListDetailInteractor.swift in Sources */ = {isa = PBXBuildFile; fileRef = 0F533C16237C54A10060F79E /* CharacterListDetailInteractor.swift */; };
		0F533C19237C54B40060F79E /* CharacterListDetailPresenter.swift in Sources */ = {isa = PBXBuildFile; fileRef = 0F533C18237C54B40060F79E /* CharacterListDetailPresenter.swift */; };
		0F533C1B237C54CD0060F79E /* CharacterListDeatailConfigurator.swift in Sources */ = {isa = PBXBuildFile; fileRef = 0F533C1A237C54CD0060F79E /* CharacterListDeatailConfigurator.swift */; };
		0F533C1D237C54DC0060F79E /* CharacterListRouter.swift in Sources */ = {isa = PBXBuildFile; fileRef = 0F533C1C237C54DC0060F79E /* CharacterListRouter.swift */; };
/* End PBXBuildFile section */

/* Begin PBXFileReference section */
		0F533BEB237C45ED0060F79E /* RickMortyApp.app */ = {isa = PBXFileReference; explicitFileType = wrapper.application; includeInIndex = 0; path = RickMortyApp.app; sourceTree = BUILT_PRODUCTS_DIR; };
		0F533BEE237C45ED0060F79E /* AppDelegate.swift */ = {isa = PBXFileReference; lastKnownFileType = sourcecode.swift; path = AppDelegate.swift; sourceTree = "<group>"; };
		0F533BF0237C45ED0060F79E /* SceneDelegate.swift */ = {isa = PBXFileReference; lastKnownFileType = sourcecode.swift; path = SceneDelegate.swift; sourceTree = "<group>"; };
		0F533BF5237C45ED0060F79E /* Base */ = {isa = PBXFileReference; lastKnownFileType = file.storyboard; name = Base; path = Base.lproj/Main.storyboard; sourceTree = "<group>"; };
		0F533BF7237C45EF0060F79E /* Assets.xcassets */ = {isa = PBXFileReference; lastKnownFileType = folder.assetcatalog; path = Assets.xcassets; sourceTree = "<group>"; };
		0F533BFA237C45EF0060F79E /* Base */ = {isa = PBXFileReference; lastKnownFileType = file.storyboard; name = Base; path = Base.lproj/LaunchScreen.storyboard; sourceTree = "<group>"; };
		0F533BFC237C45EF0060F79E /* Info.plist */ = {isa = PBXFileReference; lastKnownFileType = text.plist.xml; path = Info.plist; sourceTree = "<group>"; };
		0F533C03237C46520060F79E /* CharacterListViewController.swift */ = {isa = PBXFileReference; lastKnownFileType = sourcecode.swift; path = CharacterListViewController.swift; sourceTree = "<group>"; };
		0F533C05237C46630060F79E /* CharacterListPresenter.swift */ = {isa = PBXFileReference; lastKnownFileType = sourcecode.swift; path = CharacterListPresenter.swift; sourceTree = "<group>"; };
		0F533C07237C466E0060F79E /* CharacterListInteractor.swift */ = {isa = PBXFileReference; lastKnownFileType = sourcecode.swift; path = CharacterListInteractor.swift; sourceTree = "<group>"; };
		0F533C09237C467A0060F79E /* CharacterListConfigurator.swift */ = {isa = PBXFileReference; lastKnownFileType = sourcecode.swift; path = CharacterListConfigurator.swift; sourceTree = "<group>"; };
		0F533C0B237C46C70060F79E /* CharacterModel.swift */ = {isa = PBXFileReference; lastKnownFileType = sourcecode.swift; path = CharacterModel.swift; sourceTree = "<group>"; };
		0F533C0E237C47D80060F79E /* NetworkService.swift */ = {isa = PBXFileReference; lastKnownFileType = sourcecode.swift; path = NetworkService.swift; sourceTree = "<group>"; };
		0F533C11237C4FBC0060F79E /* CharacterListTableViewCell.swift */ = {isa = PBXFileReference; lastKnownFileType = sourcecode.swift; path = CharacterListTableViewCell.swift; sourceTree = "<group>"; };
		0F533C14237C54860060F79E /* CharacterListDetailsViewController.swift */ = {isa = PBXFileReference; lastKnownFileType = sourcecode.swift; path = CharacterListDetailsViewController.swift; sourceTree = "<group>"; };
		0F533C16237C54A10060F79E /* CharacterListDetailInteractor.swift */ = {isa = PBXFileReference; lastKnownFileType = sourcecode.swift; path = CharacterListDetailInteractor.swift; sourceTree = "<group>"; };
		0F533C18237C54B40060F79E /* CharacterListDetailPresenter.swift */ = {isa = PBXFileReference; lastKnownFileType = sourcecode.swift; path = CharacterListDetailPresenter.swift; sourceTree = "<group>"; };
		0F533C1A237C54CD0060F79E /* CharacterListDeatailConfigurator.swift */ = {isa = PBXFileReference; lastKnownFileType = sourcecode.swift; path = CharacterListDeatailConfigurator.swift; sourceTree = "<group>"; };
		0F533C1C237C54DC0060F79E /* CharacterListRouter.swift */ = {isa = PBXFileReference; lastKnownFileType = sourcecode.swift; path = CharacterListRouter.swift; sourceTree = "<group>"; };
/* End PBXFileReference section */

/* Begin PBXFrameworksBuildPhase section */
		0F533BE8237C45ED0060F79E /* Frameworks */ = {
			isa = PBXFrameworksBuildPhase;
			buildActionMask = 2147483647;
			files = (
			);
			runOnlyForDeploymentPostprocessing = 0;
		};
/* End PBXFrameworksBuildPhase section */

/* Begin PBXGroup section */
		0F533BE2237C45ED0060F79E = {
			isa = PBXGroup;
			children = (
				0F533BED237C45ED0060F79E /* RickMortyApp */,
				0F533BEC237C45ED0060F79E /* Products */,
			);
			sourceTree = "<group>";
		};
		0F533BEC237C45ED0060F79E /* Products */ = {
			isa = PBXGroup;
			children = (
				0F533BEB237C45ED0060F79E /* RickMortyApp.app */,
			);
			name = Products;
			sourceTree = "<group>";
		};
		0F533BED237C45ED0060F79E /* RickMortyApp */ = {
			isa = PBXGroup;
			children = (
				0FCF090923800EB0001D4C9C /* Storyboards */,
				0FCF090823800EA0001D4C9C /* assets */,
				0FCF090723800E83001D4C9C /* Services */,
				0F533C13237C545D0060F79E /* CharactersListDetail */,
				0F533C10237C4F960060F79E /* Views */,
				0F533C0D237C46CB0060F79E /* Model */,
				0F533C02237C45FB0060F79E /* CharactersList */,
				0F533BEE237C45ED0060F79E /* AppDelegate.swift */,
				0F533BF0237C45ED0060F79E /* SceneDelegate.swift */,
				0F533BFC237C45EF0060F79E /* Info.plist */,
			);
			path = RickMortyApp;
			sourceTree = "<group>";
		};
		0F533C02237C45FB0060F79E /* CharactersList */ = {
			isa = PBXGroup;
			children = (
				0F533C03237C46520060F79E /* CharacterListViewController.swift */,
				0F533C05237C46630060F79E /* CharacterListPresenter.swift */,
				0F533C07237C466E0060F79E /* CharacterListInteractor.swift */,
				0F533C09237C467A0060F79E /* CharacterListConfigurator.swift */,
				0F533C1C237C54DC0060F79E /* CharacterListRouter.swift */,
			);
			path = CharactersList;
			sourceTree = "<group>";
		};
		0F533C0D237C46CB0060F79E /* Model */ = {
			isa = PBXGroup;
			children = (
				0F533C0B237C46C70060F79E /* CharacterModel.swift */,
			);
			path = Model;
			sourceTree = "<group>";
		};
		0F533C10237C4F960060F79E /* Views */ = {
			isa = PBXGroup;
			children = (
				0F533C11237C4FBC0060F79E /* CharacterListTableViewCell.swift */,
			);
			path = Views;
			sourceTree = "<group>";
		};
		0F533C13237C545D0060F79E /* CharactersListDetail */ = {
			isa = PBXGroup;
			children = (
				0F533C14237C54860060F79E /* CharacterListDetailsViewController.swift */,
				0F533C16237C54A10060F79E /* CharacterListDetailInteractor.swift */,
				0F533C18237C54B40060F79E /* CharacterListDetailPresenter.swift */,
				0F533C1A237C54CD0060F79E /* CharacterListDeatailConfigurator.swift */,
			);
			path = CharactersListDetail;
			sourceTree = "<group>";
		};
		0FCF090723800E83001D4C9C /* Services */ = {
			isa = PBXGroup;
			children = (
				0F533C0E237C47D80060F79E /* NetworkService.swift */,
			);
			path = Services;
			sourceTree = "<group>";
		};
		0FCF090823800EA0001D4C9C /* assets */ = {
			isa = PBXGroup;
			children = (
				0F533BF7237C45EF0060F79E /* Assets.xcassets */,
			);
			path = assets;
			sourceTree = "<group>";
		};
		0FCF090923800EB0001D4C9C /* Storyboards */ = {
			isa = PBXGroup;
			children = (
				0F533BF4237C45ED0060F79E /* Main.storyboard */,
				0F533BF9237C45EF0060F79E /* LaunchScreen.storyboard */,
			);
			path = Storyboards;
			sourceTree = "<group>";
		};
/* End PBXGroup section */

/* Begin PBXNativeTarget section */
		0F533BEA237C45ED0060F79E /* RickMortyApp */ = {
			isa = PBXNativeTarget;
			buildConfigurationList = 0F533BFF237C45EF0060F79E /* Build configuration list for PBXNativeTarget "RickMortyApp" */;
			buildPhases = (
				0F533BE7237C45ED0060F79E /* Sources */,
				0F533BE8237C45ED0060F79E /* Frameworks */,
				0F533BE9237C45ED0060F79E /* Resources */,
			);
			buildRules = (
			);
			dependencies = (
			);
			name = RickMortyApp;
			productName = RickMortyApp;
			productReference = 0F533BEB237C45ED0060F79E /* RickMortyApp.app */;
			productType = "com.apple.product-type.application";
		};
/* End PBXNativeTarget section */

/* Begin PBXProject section */
		0F533BE3237C45ED0060F79E /* Project object */ = {
			isa = PBXProject;
			attributes = {
				LastSwiftUpdateCheck = 1120;
				LastUpgradeCheck = 1120;
				ORGANIZATIONNAME = "Dmitry Pavlov";
				TargetAttributes = {
					0F533BEA237C45ED0060F79E = {
						CreatedOnToolsVersion = 11.2;
					};
				};
			};
			buildConfigurationList = 0F533BE6237C45ED0060F79E /* Build configuration list for PBXProject "RickMortyApp" */;
			compatibilityVersion = "Xcode 9.3";
			developmentRegion = en;
			hasScannedForEncodings = 0;
			knownRegions = (
				en,
				Base,
			);
			mainGroup = 0F533BE2237C45ED0060F79E;
			productRefGroup = 0F533BEC237C45ED0060F79E /* Products */;
			projectDirPath = "";
			projectRoot = "";
			targets = (
				0F533BEA237C45ED0060F79E /* RickMortyApp */,
			);
		};
/* End PBXProject section */

/* Begin PBXResourcesBuildPhase section */
		0F533BE9237C45ED0060F79E /* Resources */ = {
			isa = PBXResourcesBuildPhase;
			buildActionMask = 2147483647;
			files = (
				0F533BFB237C45EF0060F79E /* LaunchScreen.storyboard in Resources */,
				0F533BF8237C45EF0060F79E /* Assets.xcassets in Resources */,
				0F533BF6237C45ED0060F79E /* Main.storyboard in Resources */,
			);
			runOnlyForDeploymentPostprocessing = 0;
		};
/* End PBXResourcesBuildPhase section */

/* Begin PBXSourcesBuildPhase section */
		0F533BE7237C45ED0060F79E /* Sources */ = {
			isa = PBXSourcesBuildPhase;
			buildActionMask = 2147483647;
			files = (
				0F533C04237C46520060F79E /* CharacterListViewController.swift in Sources */,
				0F533C06237C46630060F79E /* CharacterListPresenter.swift in Sources */,
				0F533C12237C4FBC0060F79E /* CharacterListTableViewCell.swift in Sources */,
				0F533C0A237C467A0060F79E /* CharacterListConfigurator.swift in Sources */,
				0F533C19237C54B40060F79E /* CharacterListDetailPresenter.swift in Sources */,
				0F533C08237C466E0060F79E /* CharacterListInteractor.swift in Sources */,
				0F533C0F237C47D80060F79E /* NetworkService.swift in Sources */,
				0F533BEF237C45ED0060F79E /* AppDelegate.swift in Sources */,
				0F533C1B237C54CD0060F79E /* CharacterListDeatailConfigurator.swift in Sources */,
				0F533C15237C54860060F79E /* CharacterListDetailsViewController.swift in Sources */,
				0F533C1D237C54DC0060F79E /* CharacterListRouter.swift in Sources */,
				0F533C17237C54A10060F79E /* CharacterListDetailInteractor.swift in Sources */,
				0F533BF1237C45ED0060F79E /* SceneDelegate.swift in Sources */,
				0F533C0C237C46C70060F79E /* CharacterModel.swift in Sources */,
			);
			runOnlyForDeploymentPostprocessing = 0;
		};
/* End PBXSourcesBuildPhase section */

/* Begin PBXVariantGroup section */
		0F533BF4237C45ED0060F79E /* Main.storyboard */ = {
			isa = PBXVariantGroup;
			children = (
				0F533BF5237C45ED0060F79E /* Base */,
			);
			name = Main.storyboard;
			sourceTree = "<group>";
		};
		0F533BF9237C45EF0060F79E /* LaunchScreen.storyboard */ = {
			isa = PBXVariantGroup;
			children = (
				0F533BFA237C45EF0060F79E /* Base */,
			);
			name = LaunchScreen.storyboard;
			sourceTree = "<group>";
		};
/* End PBXVariantGroup section */

/* Begin XCBuildConfiguration section */
		0F533BFD237C45EF0060F79E /* Debug */ = {
			isa = XCBuildConfiguration;
			buildSettings = {
				ALWAYS_SEARCH_USER_PATHS = NO;
				CLANG_ANALYZER_NONNULL = YES;
				CLANG_ANALYZER_NUMBER_OBJECT_CONVERSION = YES_AGGRESSIVE;
				CLANG_CXX_LANGUAGE_STANDARD = "gnu++14";
				CLANG_CXX_LIBRARY = "libc++";
				CLANG_ENABLE_MODULES = YES;
				CLANG_ENABLE_OBJC_ARC = YES;
				CLANG_ENABLE_OBJC_WEAK = YES;
				CLANG_WARN_BLOCK_CAPTURE_AUTORELEASING = YES;
				CLANG_WARN_BOOL_CONVERSION = YES;
				CLANG_WARN_COMMA = YES;
				CLANG_WARN_CONSTANT_CONVERSION = YES;
				CLANG_WARN_DEPRECATED_OBJC_IMPLEMENTATIONS = YES;
				CLANG_WARN_DIRECT_OBJC_ISA_USAGE = YES_ERROR;
				CLANG_WARN_DOCUMENTATION_COMMENTS = YES;
				CLANG_WARN_EMPTY_BODY = YES;
				CLANG_WARN_ENUM_CONVERSION = YES;
				CLANG_WARN_INFINITE_RECURSION = YES;
				CLANG_WARN_INT_CONVERSION = YES;
				CLANG_WARN_NON_LITERAL_NULL_CONVERSION = YES;
				CLANG_WARN_OBJC_IMPLICIT_RETAIN_SELF = YES;
				CLANG_WARN_OBJC_LITERAL_CONVERSION = YES;
				CLANG_WARN_OBJC_ROOT_CLASS = YES_ERROR;
				CLANG_WARN_RANGE_LOOP_ANALYSIS = YES;
				CLANG_WARN_STRICT_PROTOTYPES = YES;
				CLANG_WARN_SUSPICIOUS_MOVE = YES;
				CLANG_WARN_UNGUARDED_AVAILABILITY = YES_AGGRESSIVE;
				CLANG_WARN_UNREACHABLE_CODE = YES;
				CLANG_WARN__DUPLICATE_METHOD_MATCH = YES;
				COPY_PHASE_STRIP = NO;
				DEBUG_INFORMATION_FORMAT = dwarf;
				ENABLE_STRICT_OBJC_MSGSEND = YES;
				ENABLE_TESTABILITY = YES;
				GCC_C_LANGUAGE_STANDARD = gnu11;
				GCC_DYNAMIC_NO_PIC = NO;
				GCC_NO_COMMON_BLOCKS = YES;
				GCC_OPTIMIZATION_LEVEL = 0;
				GCC_PREPROCESSOR_DEFINITIONS = (
					"DEBUG=1",
					"$(inherited)",
				);
				GCC_WARN_64_TO_32_BIT_CONVERSION = YES;
				GCC_WARN_ABOUT_RETURN_TYPE = YES_ERROR;
				GCC_WARN_UNDECLARED_SELECTOR = YES;
				GCC_WARN_UNINITIALIZED_AUTOS = YES_AGGRESSIVE;
				GCC_WARN_UNUSED_FUNCTION = YES;
				GCC_WARN_UNUSED_VARIABLE = YES;
				IPHONEOS_DEPLOYMENT_TARGET = 13.2;
				MTL_ENABLE_DEBUG_INFO = INCLUDE_SOURCE;
				MTL_FAST_MATH = YES;
				ONLY_ACTIVE_ARCH = YES;
				SDKROOT = iphoneos;
				SWIFT_ACTIVE_COMPILATION_CONDITIONS = DEBUG;
				SWIFT_OPTIMIZATION_LEVEL = "-Onone";
			};
			name = Debug;
		};
		0F533BFE237C45EF0060F79E /* Release */ = {
			isa = XCBuildConfiguration;
			buildSettings = {
				ALWAYS_SEARCH_USER_PATHS = NO;
				CLANG_ANALYZER_NONNULL = YES;
				CLANG_ANALYZER_NUMBER_OBJECT_CONVERSION = YES_AGGRESSIVE;
				CLANG_CXX_LANGUAGE_STANDARD = "gnu++14";
				CLANG_CXX_LIBRARY = "libc++";
				CLANG_ENABLE_MODULES = YES;
				CLANG_ENABLE_OBJC_ARC = YES;
				CLANG_ENABLE_OBJC_WEAK = YES;
				CLANG_WARN_BLOCK_CAPTURE_AUTORELEASING = YES;
				CLANG_WARN_BOOL_CONVERSION = YES;
				CLANG_WARN_COMMA = YES;
				CLANG_WARN_CONSTANT_CONVERSION = YES;
				CLANG_WARN_DEPRECATED_OBJC_IMPLEMENTATIONS = YES;
				CLANG_WARN_DIRECT_OBJC_ISA_USAGE = YES_ERROR;
				CLANG_WARN_DOCUMENTATION_COMMENTS = YES;
				CLANG_WARN_EMPTY_BODY = YES;
				CLANG_WARN_ENUM_CONVERSION = YES;
				CLANG_WARN_INFINITE_RECURSION = YES;
				CLANG_WARN_INT_CONVERSION = YES;
				CLANG_WARN_NON_LITERAL_NULL_CONVERSION = YES;
				CLANG_WARN_OBJC_IMPLICIT_RETAIN_SELF = YES;
				CLANG_WARN_OBJC_LITERAL_CONVERSION = YES;
				CLANG_WARN_OBJC_ROOT_CLASS = YES_ERROR;
				CLANG_WARN_RANGE_LOOP_ANALYSIS = YES;
				CLANG_WARN_STRICT_PROTOTYPES = YES;
				CLANG_WARN_SUSPICIOUS_MOVE = YES;
				CLANG_WARN_UNGUARDED_AVAILABILITY = YES_AGGRESSIVE;
				CLANG_WARN_UNREACHABLE_CODE = YES;
				CLANG_WARN__DUPLICATE_METHOD_MATCH = YES;
				COPY_PHASE_STRIP = NO;
				DEBUG_INFORMATION_FORMAT = "dwarf-with-dsym";
				ENABLE_NS_ASSERTIONS = NO;
				ENABLE_STRICT_OBJC_MSGSEND = YES;
				GCC_C_LANGUAGE_STANDARD = gnu11;
				GCC_NO_COMMON_BLOCKS = YES;
				GCC_WARN_64_TO_32_BIT_CONVERSION = YES;
				GCC_WARN_ABOUT_RETURN_TYPE = YES_ERROR;
				GCC_WARN_UNDECLARED_SELECTOR = YES;
				GCC_WARN_UNINITIALIZED_AUTOS = YES_AGGRESSIVE;
				GCC_WARN_UNUSED_FUNCTION = YES;
				GCC_WARN_UNUSED_VARIABLE = YES;
				IPHONEOS_DEPLOYMENT_TARGET = 13.2;
				MTL_ENABLE_DEBUG_INFO = NO;
				MTL_FAST_MATH = YES;
				SDKROOT = iphoneos;
				SWIFT_COMPILATION_MODE = wholemodule;
				SWIFT_OPTIMIZATION_LEVEL = "-O";
				VALIDATE_PRODUCT = YES;
			};
			name = Release;
		};
		0F533C00237C45EF0060F79E /* Debug */ = {
			isa = XCBuildConfiguration;
			buildSettings = {
				ASSETCATALOG_COMPILER_APPICON_NAME = AppIcon;
				CODE_SIGN_STYLE = Automatic;
				DEVELOPMENT_TEAM = HZK8963RGN;
				INFOPLIST_FILE = RickMortyApp/Info.plist;
				IPHONEOS_DEPLOYMENT_TARGET = 12.0;
				LD_RUNPATH_SEARCH_PATHS = (
					"$(inherited)",
					"@executable_path/Frameworks",
				);
				PRODUCT_BUNDLE_IDENTIFIER = "pavlov-inc.RickMortyApp";
				PRODUCT_NAME = "$(TARGET_NAME)";
				SWIFT_VERSION = 5.0;
				TARGETED_DEVICE_FAMILY = "1,2";
			};
			name = Debug;
		};
		0F533C01237C45EF0060F79E /* Release */ = {
			isa = XCBuildConfiguration;
			buildSettings = {
				ASSETCATALOG_COMPILER_APPICON_NAME = AppIcon;
				CODE_SIGN_STYLE = Automatic;
				DEVELOPMENT_TEAM = HZK8963RGN;
				INFOPLIST_FILE = RickMortyApp/Info.plist;
				IPHONEOS_DEPLOYMENT_TARGET = 12.0;
				LD_RUNPATH_SEARCH_PATHS = (
					"$(inherited)",
					"@executable_path/Frameworks",
				);
				PRODUCT_BUNDLE_IDENTIFIER = "pavlov-inc.RickMortyApp";
				PRODUCT_NAME = "$(TARGET_NAME)";
				SWIFT_VERSION = 5.0;
				TARGETED_DEVICE_FAMILY = "1,2";
			};
			name = Release;
		};
/* End XCBuildConfiguration section */

/* Begin XCConfigurationList section */
		0F533BE6237C45ED0060F79E /* Build configuration list for PBXProject "RickMortyApp" */ = {
			isa = XCConfigurationList;
			buildConfigurations = (
				0F533BFD237C45EF0060F79E /* Debug */,
				0F533BFE237C45EF0060F79E /* Release */,
			);
			defaultConfigurationIsVisible = 0;
			defaultConfigurationName = Release;
		};
		0F533BFF237C45EF0060F79E /* Build configuration list for PBXNativeTarget "RickMortyApp" */ = {
			isa = XCConfigurationList;
			buildConfigurations = (
				0F533C00237C45EF0060F79E /* Debug */,
				0F533C01237C45EF0060F79E /* Release */,
			);
			defaultConfigurationIsVisible = 0;
			defaultConfigurationName = Release;
		};
/* End XCConfigurationList section */
	};
	rootObject = 0F533BE3237C45ED0060F79E /* Project object */;
}
